
Microsoft Visual Studio Solution File, Format Version 12.00
# Visual Studio 15
VisualStudioVersion = 15.0.27428.2002
MinimumVisualStudioVersion = 10.0.40219.1
Project("{FAE04EC0-301F-11D3-BF4B-00C04F79EFBC}") = "C Sharp Language Basics2", "C Sharp Language Basics2\C Sharp Language Basics2.csproj", "{3E5FE765-37B4-48DA-8169-F936C98C0DEA}"
EndProject
Global
	GlobalSection(SolutionConfigurationPlatforms) = preSolution
		Debug|Any CPU = Debug|Any CPU
		Release|Any CPU = Release|Any CPU
	EndGlobalSection
	GlobalSection(ProjectConfigurationPlatforms) = postSolution
		{3E5FE765-37B4-48DA-8169-F936C98C0DEA}.Debug|Any CPU.ActiveCfg = Debug|Any CPU
		{3E5FE765-37B4-48DA-8169-F936C98C0DEA}.Debug|Any CPU.Build.0 = Debug|Any CPU
		{3E5FE765-37B4-48DA-8169-F936C98C0DEA}.Release|Any CPU.ActiveCfg = Release|Any CPU
		{3E5FE765-37B4-48DA-8169-F936C98C0DEA}.Release|Any CPU.Build.0 = Release|Any CPU
	EndGlobalSection
	GlobalSection(SolutionProperties) = preSolution
		HideSolutionNode = FALSE
	EndGlobalSection
	GlobalSection(ExtensibilityGlobals) = postSolution
		SolutionGuid = {A8487261-3C0D-480E-8308-844DC295A4A2}
	EndGlobalSection
EndGlobal
